{
  "name": "ts-graphite-decorator",
  "version": "0.0.8",
  "dependencies": {
    "graphite": {
      "version": "0.0.7",
      "from": "graphite@latest",
      "resolved": "https://registry.npmjs.org/graphite/-/graphite-0.0.7.tgz"
    },
    "lazy-socket": {
      "version": "0.0.3",
      "from": "lazy-socket@0.0.3",
      "resolved": "https://registry.npmjs.org/lazy-socket/-/lazy-socket-0.0.3.tgz"
    },
    "performance-now": {
      "version": "2.1.0",
      "from": "performance-now@>=2.1.0 <3.0.0",
      "resolved": "https://registry.npmjs.org/performance-now/-/performance-now-2.1.0.tgz"
    },
    "request": {
      "version": "2.1.1",
      "from": "request@2.1.1",
      "resolved": "https://registry.npmjs.org/request/-/request-2.1.1.tgz"
    }
  }
}
